{
	archiveVersion = 1;
	classes = {};
	objectVersion = 50;
	objects = {

/* Begin PBXGroup section */
	1F5731C126B040FD00BAEAD1 /* Project object main group */ = {
		isa = PBXGroup;
		children = (
		);
		sourceTree = "<group>";
	};
/* End PBXGroup section */

/* Begin PBXLegacyTarget section */
        1F5731C226B040FD00BAEAD1 /* RecoilEngine */ = {
                isa = PBXLegacyTarget;
                buildArgumentsString = "";
                buildConfigurationList = 1F5731C426B040FD00BAEAD1 /* Build configuration list for PBXLegacyTarget \"RecoilEngine\" */;
                buildPhases = (
                        1F5731D726B0410000BAEAD1 /* Regenerate */,
                        1F5731D826B0410000BAEAD1 /* Compile Metal Shaders */,
                        1F5731D926B0410000BAEAD1 /* Build */,
                );
                buildToolPath = "/usr/bin/true";
                buildWorkingDirectory = "..";
                dependencies = (
                );
                name = RecoilEngine;
                passBuildSettingsInEnvironment = 1;
		productName = RecoilEngine;
	};
/* End PBXLegacyTarget section */

/* Begin PBXProject section */
	1F5731C026B040FD00BAEAD1 /* Project object */ = {
		isa = PBXProject;
		attributes = {
			LastUpgradeCheck = 1300;
		};
		buildConfigurationList = 1F5731C326B040FD00BAEAD1 /* Build configuration list for PBXProject \"RecoilEngine\" */;
		compatibilityVersion = "Xcode 13.0";
	developmentRegion = en;
	hasScannedForEncodings = 0;
	knownRegions = (
	en,
	);
	mainGroup = 1F5731C126B040FD00BAEAD1;
	productRefGroup = 1F5731C126B040FD00BAEAD1;
	projectDirPath = "";
	projectRoot = "";
	targets = (
	1F5731C226B040FD00BAEAD1 /* RecoilEngine */,
	);
	};
/* End PBXProject section */

/* Begin PBXShellScriptBuildPhase section */
        1F5731D726B0410000BAEAD1 /* Regenerate */ = {
                isa = PBXShellScriptBuildPhase;
                buildActionMask = 2147483647;
                files = (
                );
                inputFileListPaths = (
                );
                inputPaths = (
                        "$(SRCROOT)/../CMakeLists.txt",
                );
                outputFileListPaths = (
                );
                outputPaths = (
                );
                runOnlyForDeploymentPostprocessing = 0;
                shellPath = /bin/sh;
                shellScript = "cd \"$(SRCROOT)/..\"\\nif [ ! -d \"build/$CONFIGURATION\" ]; then\\n  ./macos/regenerate.sh -DUSE_METAL=${USE_METAL}\\nfi\\n";
        };
        1F5731D826B0410000BAEAD1 /* Compile Metal Shaders */ = {
                isa = PBXShellScriptBuildPhase;
                buildActionMask = 2147483647;
                files = (
                );
                inputFileListPaths = (
                );
                inputPaths = (
                        "$(SRCROOT)/../cont/base/springcontent/shaders/MSL/*.metal",
                );
                outputFileListPaths = (
                );
                outputPaths = (
                        "$(SRCROOT)/../cont/base/springcontent/shaders/MSL/engine.metallib",
                );
                runOnlyForDeploymentPostprocessing = 0;
                shellPath = /bin/sh;
                shellScript = "set -e\\nSHADERS_DIR=\"$(SRCROOT)/../cont/base/springcontent/shaders/MSL\"\\nfor src in \"$SHADERS_DIR\"/*.metal; do\\n  metal \"$src\" -o \"${src%.metal}.air\"\\ndone\\nmetallib \"$SHADERS_DIR\"/*.air -o \"$SHADERS_DIR/engine.metallib\"\\n";
        };
        1F5731D926B0410000BAEAD1 /* Build */ = {
                isa = PBXShellScriptBuildPhase;
                buildActionMask = 2147483647;
                files = (
                );
                inputFileListPaths = (
                );
                inputPaths = (
                );
                outputFileListPaths = (
                );
                outputPaths = (
                );
                runOnlyForDeploymentPostprocessing = 0;
                shellPath = /bin/sh;
                shellScript = "cd \"$(SRCROOT)/..\"\\nCONFIGURATION=${CONFIGURATION} ACTION=${ACTION} ./macos/xcode-build.sh -DUSE_METAL=${USE_METAL}\\n";
        };
/* End PBXShellScriptBuildPhase section */

/* Begin XCBuildConfiguration section */
        1F5731C526B040FD00BAEAD1 /* Debug-Metal */ = {
                isa = XCBuildConfiguration;
                buildSettings = {
                        USE_METAL = ON;
                };
                name = "Debug-Metal";
        };
        1F5731C626B040FD00BAEAD1 /* Release-Metal */ = {
                isa = XCBuildConfiguration;
                buildSettings = {
                        USE_METAL = ON;
                };
                name = "Release-Metal";
        };
/* End XCBuildConfiguration section */

/* Begin XCConfigurationList section */
	1F5731C326B040FD00BAEAD1 /* Build configuration list for PBXProject \"RecoilEngine\" */ = {
		isa = XCConfigurationList;
		buildConfigurations = (
			1F5731C526B040FD00BAEAD1 /* Debug-Metal */,
			1F5731C626B040FD00BAEAD1 /* Release-Metal */,
		);
		defaultConfigurationIsVisible = 0;
		defaultConfigurationName = "Release-Metal";
	};
	1F5731C426B040FD00BAEAD1 /* Build configuration list for PBXLegacyTarget \"RecoilEngine\" */ = {
		isa = XCConfigurationList;
		buildConfigurations = (
			1F5731C526B040FD00BAEAD1 /* Debug-Metal */,
			1F5731C626B040FD00BAEAD1 /* Release-Metal */,
		);
		defaultConfigurationIsVisible = 0;
		defaultConfigurationName = "Release-Metal";
	};
/* End XCConfigurationList section */

	};
	rootObject = 1F5731C026B040FD00BAEAD1 /* Project object */;
}
